
Microsoft Visual Studio Solution File, Format Version 12.00
# Visual Studio Version 17
VisualStudioVersion = 17.4.33205.214
MinimumVisualStudioVersion = 10.0.40219.1
Project("{9A19103F-16F7-4668-BE54-9A1E7A4F7556}") = "AdvancedConsructs", "AdvancedConsructs\AdvancedConsructs.csproj", "{E58FC262-FCC4-4D03-8EA1-41BA8143E651}"
EndProject
Project("{9A19103F-16F7-4668-BE54-9A1E7A4F7556}") = "Day2-Assignment", "Day2-Assignment\Day2-Assignment.csproj", "{69A43ADD-DEAC-45C3-90FA-26C7025AF548}"
EndProject
Project("{FAE04EC0-301F-11D3-BF4B-00C04F79EFBC}") = "OOPFundamentals", "OOPFundamentals\OOPFundamentals.csproj", "{1B081469-5F9A-4341-B137-811E4616304A}"
EndProject
Project("{FAE04EC0-301F-11D3-BF4B-00C04F79EFBC}") = "Day3-Assignment-1", "Day3-Assignment-1\Day3-Assignment-1.csproj", "{0C394081-0F4F-40B8-B467-0B6BBFDA1897}"
EndProject
Project("{FAE04EC0-301F-11D3-BF4B-00C04F79EFBC}") = "Day3-Assignment-2", "Day3-Assignment-2\Day3-Assignment-2.csproj", "{051EED42-9A7F-4F14-8CB3-E46946B9C272}"
EndProject
Global
	GlobalSection(SolutionConfigurationPlatforms) = preSolution
		Debug|Any CPU = Debug|Any CPU
		Release|Any CPU = Release|Any CPU
	EndGlobalSection
	GlobalSection(ProjectConfigurationPlatforms) = postSolution
		{E58FC262-FCC4-4D03-8EA1-41BA8143E651}.Debug|Any CPU.ActiveCfg = Debug|Any CPU
		{E58FC262-FCC4-4D03-8EA1-41BA8143E651}.Debug|Any CPU.Build.0 = Debug|Any CPU
		{E58FC262-FCC4-4D03-8EA1-41BA8143E651}.Release|Any CPU.ActiveCfg = Release|Any CPU
		{E58FC262-FCC4-4D03-8EA1-41BA8143E651}.Release|Any CPU.Build.0 = Release|Any CPU
		{69A43ADD-DEAC-45C3-90FA-26C7025AF548}.Debug|Any CPU.ActiveCfg = Debug|Any CPU
		{69A43ADD-DEAC-45C3-90FA-26C7025AF548}.Debug|Any CPU.Build.0 = Debug|Any CPU
		{69A43ADD-DEAC-45C3-90FA-26C7025AF548}.Release|Any CPU.ActiveCfg = Release|Any CPU
		{69A43ADD-DEAC-45C3-90FA-26C7025AF548}.Release|Any CPU.Build.0 = Release|Any CPU
		{1B081469-5F9A-4341-B137-811E4616304A}.Debug|Any CPU.ActiveCfg = Debug|Any CPU
		{1B081469-5F9A-4341-B137-811E4616304A}.Debug|Any CPU.Build.0 = Debug|Any CPU
		{1B081469-5F9A-4341-B137-811E4616304A}.Release|Any CPU.ActiveCfg = Release|Any CPU
		{1B081469-5F9A-4341-B137-811E4616304A}.Release|Any CPU.Build.0 = Release|Any CPU
		{0C394081-0F4F-40B8-B467-0B6BBFDA1897}.Debug|Any CPU.ActiveCfg = Debug|Any CPU
		{0C394081-0F4F-40B8-B467-0B6BBFDA1897}.Debug|Any CPU.Build.0 = Debug|Any CPU
		{0C394081-0F4F-40B8-B467-0B6BBFDA1897}.Release|Any CPU.ActiveCfg = Release|Any CPU
		{0C394081-0F4F-40B8-B467-0B6BBFDA1897}.Release|Any CPU.Build.0 = Release|Any CPU
		{051EED42-9A7F-4F14-8CB3-E46946B9C272}.Debug|Any CPU.ActiveCfg = Debug|Any CPU
		{051EED42-9A7F-4F14-8CB3-E46946B9C272}.Debug|Any CPU.Build.0 = Debug|Any CPU
		{051EED42-9A7F-4F14-8CB3-E46946B9C272}.Release|Any CPU.ActiveCfg = Release|Any CPU
		{051EED42-9A7F-4F14-8CB3-E46946B9C272}.Release|Any CPU.Build.0 = Release|Any CPU
	EndGlobalSection
	GlobalSection(SolutionProperties) = preSolution
		HideSolutionNode = FALSE
	EndGlobalSection
	GlobalSection(ExtensibilityGlobals) = postSolution
		SolutionGuid = {FBEC89FA-1EB4-4EB6-9742-C8A871371845}
	EndGlobalSection
EndGlobal
